
Microsoft Visual Studio Solution File, Format Version 12.00
# Visual Studio 15
VisualStudioVersion = 15.0.27130.2027
MinimumVisualStudioVersion = 10.0.40219.1
Project("{9A19103F-16F7-4668-BE54-9A1E7A4F7556}") = "Travel", "Travel\Travel.csproj", "{9B69CC8B-8313-41EE-8E41-655CF9897BFB}"
EndProject
Project("{9A19103F-16F7-4668-BE54-9A1E7A4F7556}") = "SharedCode", "SharedCode\SharedCode.csproj", "{CAB6244D-0079-4AA9-A51B-873FA0EE5B4C}"
EndProject
Project("{9A19103F-16F7-4668-BE54-9A1E7A4F7556}") = "APIClient", "APIClient\APIClient.csproj", "{8DB8D8E2-6684-4B18-97C0-6C7950AF92E9}"
EndProject
Project("{9A19103F-16F7-4668-BE54-9A1E7A4F7556}") = "XUnitTest", "XUnitTest\XUnitTest.csproj", "{6E28F89D-0F24-47AD-8F21-9677DDC03A87}"
EndProject
Project("{FAE04EC0-301F-11D3-BF4B-00C04F79EFBC}") = "TravelViewModel", "TravelViewModel\TravelViewModel.csproj", "{8DCB57B3-EDFF-4300-BE87-522ABD8659E1}"
EndProject
Global
	GlobalSection(SolutionConfigurationPlatforms) = preSolution
		Debug|Any CPU = Debug|Any CPU
		Release|Any CPU = Release|Any CPU
	EndGlobalSection
	GlobalSection(ProjectConfigurationPlatforms) = postSolution
		{9B69CC8B-8313-41EE-8E41-655CF9897BFB}.Debug|Any CPU.ActiveCfg = Debug|Any CPU
		{9B69CC8B-8313-41EE-8E41-655CF9897BFB}.Debug|Any CPU.Build.0 = Debug|Any CPU
		{9B69CC8B-8313-41EE-8E41-655CF9897BFB}.Release|Any CPU.ActiveCfg = Release|Any CPU
		{9B69CC8B-8313-41EE-8E41-655CF9897BFB}.Release|Any CPU.Build.0 = Release|Any CPU
		{CAB6244D-0079-4AA9-A51B-873FA0EE5B4C}.Debug|Any CPU.ActiveCfg = Debug|Any CPU
		{CAB6244D-0079-4AA9-A51B-873FA0EE5B4C}.Debug|Any CPU.Build.0 = Debug|Any CPU
		{CAB6244D-0079-4AA9-A51B-873FA0EE5B4C}.Release|Any CPU.ActiveCfg = Release|Any CPU
		{CAB6244D-0079-4AA9-A51B-873FA0EE5B4C}.Release|Any CPU.Build.0 = Release|Any CPU
		{8DB8D8E2-6684-4B18-97C0-6C7950AF92E9}.Debug|Any CPU.ActiveCfg = Debug|Any CPU
		{8DB8D8E2-6684-4B18-97C0-6C7950AF92E9}.Debug|Any CPU.Build.0 = Debug|Any CPU
		{8DB8D8E2-6684-4B18-97C0-6C7950AF92E9}.Release|Any CPU.ActiveCfg = Release|Any CPU
		{8DB8D8E2-6684-4B18-97C0-6C7950AF92E9}.Release|Any CPU.Build.0 = Release|Any CPU
		{6E28F89D-0F24-47AD-8F21-9677DDC03A87}.Debug|Any CPU.ActiveCfg = Debug|Any CPU
		{6E28F89D-0F24-47AD-8F21-9677DDC03A87}.Debug|Any CPU.Build.0 = Debug|Any CPU
		{6E28F89D-0F24-47AD-8F21-9677DDC03A87}.Release|Any CPU.ActiveCfg = Release|Any CPU
		{6E28F89D-0F24-47AD-8F21-9677DDC03A87}.Release|Any CPU.Build.0 = Release|Any CPU
		{8DCB57B3-EDFF-4300-BE87-522ABD8659E1}.Debug|Any CPU.ActiveCfg = Debug|Any CPU
		{8DCB57B3-EDFF-4300-BE87-522ABD8659E1}.Debug|Any CPU.Build.0 = Debug|Any CPU
		{8DCB57B3-EDFF-4300-BE87-522ABD8659E1}.Release|Any CPU.ActiveCfg = Release|Any CPU
		{8DCB57B3-EDFF-4300-BE87-522ABD8659E1}.Release|Any CPU.Build.0 = Release|Any CPU
	EndGlobalSection
	GlobalSection(SolutionProperties) = preSolution
		HideSolutionNode = FALSE
	EndGlobalSection
	GlobalSection(ExtensibilityGlobals) = postSolution
		SolutionGuid = {E0C9BE6A-D962-4C39-BF16-9A9056D0669A}
	EndGlobalSection
EndGlobal
